{
  "version": 4,
  "terraform_version": "1.7.4",
  "serial": 402,
  "lineage": "88d73bb5-4531-94c6-54e7-7ac9e01f7115",
  "outputs": {
    "alb-dns-name": {
      "value": "application-load-balancer-1903635959.us-east-1.elb.amazonaws.com",
      "type": "string"
    },
    "postgres_endpoint": {
      "value": "database-1.cfwuckemwi7x.us-east-1.rds.amazonaws.com:5432",
      "type": "string"
    }
  },
  "resources": [
    {
      "mode": "data",
      "type": "aws_availability_zones",
      "name": "azs",
      "provider": "provider[\"registry.terraform.io/hashicorp/aws\"]",
      "instances": [
        {
          "schema_version": 0,
          "attributes": {
            "all_availability_zones": null,
            "exclude_names": null,
            "exclude_zone_ids": null,
            "filter": null,
            "group_names": [
              "us-east-1"
            ],
            "id": "us-east-1",
            "names": [
              "us-east-1a",
              "us-east-1b",
              "us-east-1c",
              "us-east-1d",
              "us-east-1e",
              "us-east-1f"
            ],
            "state": null,
            "timeouts": null,
            "zone_ids": [
              "use1-az4",
              "use1-az6",
              "use1-az1",
              "use1-az2",
              "use1-az3",
              "use1-az5"
            ]
          },
          "sensitive_attributes": []
        }
      ]
    },
    {
      "mode": "data",
      "type": "template_file",
      "name": "task_definition_template",
      "provider": "provider[\"registry.terraform.io/hashicorp/template\"]",
      "instances": [
        {
          "schema_version": 0,
          "attributes": {
            "filename": null,
            "id": "1b87e6583d751b33fed8afce0fc892164bac11a1706b7bf56cea258bf83abfbb",
            "rendered": "[\n   {\n      \"essential\": true,\n      \"name\":\"flask-app\",\n      \"image\":\"docker.io/saikrishnakuppa/fast-api-docker-example:latest\",\n      \"portMappings\":[\n         {\n            \"containerPort\":443,\n            \"hostPort\":443,\n            \"protocol\":\"tcp\"\n         }\n      ],\n      \"logConfiguration\": {\n          \"logDriver\": \"awslogs\",\n          \"options\": {\n            \"awslogs-group\": \"/fargate/service/fast-api-app\",\n            \"awslogs-region\": \"us-east-1\",\n            \"awslogs-stream-prefix\": \"ecs\"\n          }\n        },\n      \"environment\":[\n         {\n            \"name\":\"POSTGRES_USER\",\n            \"value\":\"postgres\"\n         },\n         {\n            \"name\":\"POSTGRES_PASSWORD\",\n            \"value\":\"admin123\"\n         },\n         {\n            \"name\":\"POSTGRES_ENDPOINT\",\n            \"value\":\"database-1.cfwuckemwi7x.us-east-1.rds.amazonaws.com:5432\"\n         },\n         {\n            \"name\":\"POSTGRES_DATABASE\",\n            \"value\":\"postgresdb\"\n         },\n         {\n            \"name\":\"FLASK_APP\",\n            \"value\":\"app\"\n         },\n         {\n            \"name\":\"FLASK_ENV\",\n            \"value\":\"dev\"\n         },\n         {\n            \"name\":\"APP_HOME\",\n            \"value\":\"/usr/src/app/\"\n         },\n         {\n            \"name\":\"APP_PORT\",\n            \"value\":\"443\"\n         },\n         {\n            \"name\":\"APP_SECRET_KEY\",\n            \"value\":\"FVKKxAsrbzqGkjF\"\n         }\n      ]\n   }\n]",
            "template": "[\n   {\n      \"essential\": true,\n      \"name\":\"flask-app\",\n      \"image\":\"${REPOSITORY_URL}\",\n      \"portMappings\":[\n         {\n            \"containerPort\":443,\n            \"hostPort\":443,\n            \"protocol\":\"tcp\"\n         }\n      ],\n      \"logConfiguration\": {\n          \"logDriver\": \"awslogs\",\n          \"options\": {\n            \"awslogs-group\": \"${CLOUDWATCH_GROUP}\",\n            \"awslogs-region\": \"${REGION}\",\n            \"awslogs-stream-prefix\": \"ecs\"\n          }\n        },\n      \"environment\":[\n         {\n            \"name\":\"POSTGRES_USER\",\n            \"value\":\"${POSTGRES_USERNAME}\"\n         },\n         {\n            \"name\":\"POSTGRES_PASSWORD\",\n            \"value\":\"${POSTGRES_PASSWD}\"\n         },\n         {\n            \"name\":\"POSTGRES_ENDPOINT\",\n            \"value\":\"${POSTGRES_ENDPOINT}\"\n         },\n         {\n            \"name\":\"POSTGRES_DATABASE\",\n            \"value\":\"${POSTGRES_DATABASE}\"\n         },\n         {\n            \"name\":\"FLASK_APP\",\n            \"value\":\"${FLASK_APP}\"\n         },\n         {\n            \"name\":\"FLASK_ENV\",\n            \"value\":\"${FLASK_ENV}\"\n         },\n         {\n            \"name\":\"APP_HOME\",\n            \"value\":\"${FLASK_APP_HOME}\"\n         },\n         {\n            \"name\":\"APP_PORT\",\n            \"value\":\"${FLASK_APP_PORT}\"\n         },\n         {\n            \"name\":\"APP_SECRET_KEY\",\n            \"value\":\"${APP_SECRET_KEY}\"\n         }\n      ]\n   }\n]",
            "vars": {
              "APP_SECRET_KEY": "FVKKxAsrbzqGkjF",
              "CLOUDWATCH_GROUP": "/fargate/service/fast-api-app",
              "FLASK_APP": "app",
              "FLASK_APP_HOME": "/usr/src/app/",
              "FLASK_APP_PORT": "443",
              "FLASK_ENV": "dev",
              "POSTGRES_DATABASE": "postgresdb",
              "POSTGRES_ENDPOINT": "database-1.cfwuckemwi7x.us-east-1.rds.amazonaws.com:5432",
              "POSTGRES_PASSWD": "admin123",
              "POSTGRES_USERNAME": "postgres",
              "REGION": "us-east-1",
              "REPOSITORY_URL": "docker.io/saikrishnakuppa/fast-api-docker-example:latest"
            }
          },
          "sensitive_attributes": [
            [
              {
                "type": "get_attr",
                "value": "vars"
              },
              {
                "type": "index",
                "value": {
                  "value": "POSTGRES_PASSWD",
                  "type": "string"
                }
              }
            ]
          ]
        }
      ]
    },
    {
      "mode": "managed",
      "type": "aws_acm_certificate",
      "name": "acm-cert",
      "provider": "provider[\"registry.terraform.io/hashicorp/aws\"]",
      "instances": [
        {
          "schema_version": 0,
          "attributes": {
            "arn": "arn:aws:acm:us-east-1:333649804638:certificate/b1a082f5-8904-4868-b663-e46fec65136b",
            "certificate_authority_arn": "",
            "certificate_body": "-----BEGIN CERTIFICATE-----\nMIIDWjCCAkICCQCwcOsHFnYS8zANBgkqhkiG9w0BAQsFADBvMQswCQYDVQQGEwJV\nUzETMBEGA1UECAwKU2hvcnRIaWxsczETMBEGA1UEBwwKTmV3IEplcnNleTEOMAwG\nA1UECgwFS3VwcGExDTALBgNVBAsMBEhvbWUxFzAVBgNVBAMMDnNhaWt1cHBhLmxv\nY2FsMB4XDTI0MDMwMzAwNTg0NVoXDTI1MDMwMzAwNTg0NVowbzELMAkGA1UEBhMC\nVVMxEzARBgNVBAgMClNob3J0SGlsbHMxEzARBgNVBAcMCk5ldyBKZXJzZXkxDjAM\nBgNVBAoMBUt1cHBhMQ0wCwYDVQQLDARIb21lMRcwFQYDVQQDDA5zYWlrdXBwYS5s\nb2NhbDCCASIwDQYJKoZIhvcNAQEBBQADggEPADCCAQoCggEBALoivUQglVihorys\no/tsHMNw+XuQIY85p67AX+I3Z4PvGB+nFs/1b0CaOR2cJYtASbzGOu+C0HXdovE1\nn6nfJcMtTI1ea6NMKl1rTN+C3dNj3yIlPKo0fj3NhT8oCrbjMKN0sZRdv5r5v/dJ\nDMe7soDuySFBi0IwikVMQG/LKLfPAetjy3TgPaSkdHDNPSJLv4iMoIk/C+lHvag9\nzdjr4vWisFo0CxJvUtSRJiFtmkaV685RdSAG1YZkM5DZKS3YVMQtxjmU9lu+ISeM\ndBGRYltPWFHLellFguoQGaR0wy65NqRyLXPeRF8Q343fgBr8Um3LoBeW+4clK+Oh\nEG73Rj0CAwEAATANBgkqhkiG9w0BAQsFAAOCAQEAlTeQ2ZEuTVFnIE2MpjRacHmS\nqi+5L4tIAOOqo3UecG9otSd1eDj9qm5kalCLK6dG9bO8+TNSi+I2t2NtngBmpy6L\n8E3i+9m+9MlzE/22ZXnN8T+vSviEG7eXo3SGncpy0RYzwTtqjHTmZzGtdeoZbL6u\na6+6Wfv0iTdOQ+alQbaLA6mr7TztMIDa5j7ckbPQ8XJwN+TnMfS0V4mUf2iX2JKa\nKp2NJNuXEy+b314jPVeZoe7bPuFJAMNfAvBduC9/6gCvdk2nzFN2CzgDukrIobet\nYoReLVM77ypEO1ZRlywKVJeJdV6+L6oiqarOzTs4U4oCCygnZXfJvM5ZVbxK+A==\n-----END CERTIFICATE-----\n",
            "certificate_chain": null,
            "domain_name": "saikuppa.local",
            "domain_validation_options": [],
            "early_renewal_duration": "",
            "id": "arn:aws:acm:us-east-1:333649804638:certificate/b1a082f5-8904-4868-b663-e46fec65136b",
            "key_algorithm": "RSA_2048",
            "not_after": "2025-03-03T00:58:45Z",
            "not_before": "2024-03-03T00:58:45Z",
            "options": [
              {
                "certificate_transparency_logging_preference": "DISABLED"
              }
            ],
            "pending_renewal": false,
            "private_key": "-----BEGIN PRIVATE KEY-----\nMIIEvQIBADANBgkqhkiG9w0BAQEFAASCBKcwggSjAgEAAoIBAQC6Ir1EIJVYoaK8\nrKP7bBzDcPl7kCGPOaeuwF/iN2eD7xgfpxbP9W9AmjkdnCWLQEm8xjrvgtB13aLx\nNZ+p3yXDLUyNXmujTCpda0zfgt3TY98iJTyqNH49zYU/KAq24zCjdLGUXb+a+b/3\nSQzHu7KA7skhQYtCMIpFTEBvyyi3zwHrY8t04D2kpHRwzT0iS7+IjKCJPwvpR72o\nPc3Y6+L1orBaNAsSb1LUkSYhbZpGlevOUXUgBtWGZDOQ2Skt2FTELcY5lPZbviEn\njHQRkWJbT1hRy3pZRYLqEBmkdMMuuTakci1z3kRfEN+N34Aa/FJty6AXlvuHJSvj\noRBu90Y9AgMBAAECggEBAIa7SqCbrT7gkPldRb1h/lgB2LR2GbSgmR3HJiCK1iUL\n1jxjKAITuBndCGbEdfCb8kPwgQyJdfc7HQzYMeA2JBFpIrZZmDQ1l5zTZGuNQKAY\n9JS0u3rAUHjP4RlcFJVZUgWfHEM2sNCu4yNN/zA8TvNA5Nlrpi+dDxkmHqZNOgYB\nV28rSo0baLOEhfdHelCT6LAqbJHbLnROkfudFL5rSd/i/oGpHu5/fLdNRpLP4fve\n7OhTvqDTDieO4UMjNOSyCt5ZRM6IwcVgvVZr9HLqoedSBE+AgNK/Q+KVcQPFOt3P\nthSPAb2OaN9ToV89MOcRcvlRL/AV3ATXbghmGYU1OEECgYEA2y9xtOTtqqOERGoE\n9aIy6lOl6o9dTG711Awb2ecHn76WhCPL+SHMU/QZ3gYpye9zkWmmc1JngOdHP8IE\nRGzc0GpCA3Uq688vApsGRrLxY+iy7xjtS61Nz+hjr85ufce6CHPtELkm8btEHMBP\nn+D+xM1un1gdnNfaUfAsk5i6HeUCgYEA2WY5NHe3p/Wf4f5xPFRMM2ssYv9rhPXy\n21Gk5yLhjUrFxIJvRtEu/EsDy/82GjWQHTNk7voicymajqqTRZFhUbrUs13cdN7a\nayFJ0WA6MInWiJQY1zhGzEjeNDAn41IF1x7jmoeqC4lofWjsukQaA6TlP1c25+HL\nxPsmVfFIQXkCgYA1DLiipb34TPdYb6ifoxBbsr83lFdqhnitR/j9tnMb8M8RUHCv\n7cQ8lZolKKy4mWIJUd7djpZKlq+h+N17ijWvo+gyWgt3Y3/nS4orVmgiXFHimM/m\nPx3UMlTeWkJX4x1dqmE4aPfKDh8gLlOXSKehDm+11WflbEEFD/JaDt8NGQKBgDtO\n5vZIXsMkgDywJIY33R398/sCAXwheOKaUGl6G5xnNLLafq8MLExJzrxdYI4f5LQC\nrFuBw9o1FGQtZsYI1krstFBGn/kGPwIQ78l9/gH16KAT/v7f7HiYvH3yUT9zxgIc\n/CzRK/O/xdDIyiQ6pfouhxgTm/gAoo2XkqrJi1PJAoGAIADSB+fTBesQvA9upWYk\nlFi1H1ObWW7HxxeozDbGT76liH/GOVLIouObfpiMNCa6tWYR6s2odELVXq3WugEK\n/GEfibKK+fg2LSKGZCc3JxgQ4HLcDFEvEYynahJqkMDVc1JULbPNKoE0wrmp03Ao\n5PHjQMaWpnKN+VdEB4dmsDQ=\n-----END PRIVATE KEY-----\n",
            "renewal_eligibility": "INELIGIBLE",
            "renewal_summary": [],
            "status": "ISSUED",
            "subject_alternative_names": [
              "saikuppa.local"
            ],
            "tags": null,
            "tags_all": {},
            "type": "IMPORTED",
            "validation_emails": [],
            "validation_method": "NONE",
            "validation_option": []
          },
          "sensitive_attributes": [],
          "private": "bnVsbA=="
        }
      ]
    },
    {
      "mode": "managed",
      "type": "aws_alb",
      "name": "alb",
      "provider": "provider[\"registry.terraform.io/hashicorp/aws\"]",
      "instances": [
        {
          "schema_version": 0,
          "attributes": {
            "access_logs": [
              {
                "bucket": "",
                "enabled": false,
                "prefix": ""
              }
            ],
            "arn": "arn:aws:elasticloadbalancing:us-east-1:333649804638:loadbalancer/app/application-load-balancer/5dd2782c54539473",
            "arn_suffix": "app/application-load-balancer/5dd2782c54539473",
            "connection_logs": [
              {
                "bucket": "",
                "enabled": false,
                "prefix": ""
              }
            ],
            "customer_owned_ipv4_pool": "",
            "desync_mitigation_mode": "defensive",
            "dns_name": "application-load-balancer-1903635959.us-east-1.elb.amazonaws.com",
            "dns_record_client_routing_policy": null,
            "drop_invalid_header_fields": false,
            "enable_cross_zone_load_balancing": true,
            "enable_deletion_protection": false,
            "enable_http2": true,
            "enable_tls_version_and_cipher_suite_headers": false,
            "enable_waf_fail_open": false,
            "enable_xff_client_port": false,
            "enforce_security_group_inbound_rules_on_private_link_traffic": "",
            "id": "arn:aws:elasticloadbalancing:us-east-1:333649804638:loadbalancer/app/application-load-balancer/5dd2782c54539473",
            "idle_timeout": 60,
            "internal": false,
            "ip_address_type": "ipv4",
            "load_balancer_type": "application",
            "name": "application-load-balancer",
            "name_prefix": "",
            "preserve_host_header": false,
            "security_groups": [
              "sg-0545198a1c6fae0a9"
            ],
            "subnet_mapping": [
              {
                "allocation_id": "",
                "ipv6_address": "",
                "outpost_id": "",
                "private_ipv4_address": "",
                "subnet_id": "subnet-09c5be6bb239b5704"
              },
              {
                "allocation_id": "",
                "ipv6_address": "",
                "outpost_id": "",
                "private_ipv4_address": "",
                "subnet_id": "subnet-0bd6cdba0f6bd14f2"
              }
            ],
            "subnets": [
              "subnet-09c5be6bb239b5704",
              "subnet-0bd6cdba0f6bd14f2"
            ],
            "tags": null,
            "tags_all": {},
            "timeouts": null,
            "vpc_id": "vpc-011da6c1bc4360747",
            "xff_header_processing_mode": "append",
            "zone_id": "Z35SXDOTRQ7X7K"
          },
          "sensitive_attributes": [],
          "private": "eyJlMmJmYjczMC1lY2FhLTExZTYtOGY4OC0zNDM2M2JjN2M0YzAiOnsiY3JlYXRlIjo2MDAwMDAwMDAwMDAsImRlbGV0ZSI6NjAwMDAwMDAwMDAwLCJ1cGRhdGUiOjYwMDAwMDAwMDAwMH19",
          "dependencies": [
            "aws_security_group.alb_sg",
            "aws_subnet.public_subnets",
            "aws_vpc.vpc",
            "data.aws_availability_zones.azs"
          ]
        }
      ]
    },
    {
      "mode": "managed",
      "type": "aws_alb_listener",
      "name": "fp-alb-listener",
      "provider": "provider[\"registry.terraform.io/hashicorp/aws\"]",
      "instances": [
        {
          "schema_version": 0,
          "attributes": {
            "alpn_policy": null,
            "arn": "arn:aws:elasticloadbalancing:us-east-1:333649804638:listener/app/application-load-balancer/5dd2782c54539473/f420f01924819f2b",
            "certificate_arn": "arn:aws:acm:us-east-1:333649804638:certificate/b1a082f5-8904-4868-b663-e46fec65136b",
            "default_action": [
              {
                "authenticate_cognito": [],
                "authenticate_oidc": [],
                "fixed_response": [],
                "forward": [],
                "order": 1,
                "redirect": [],
                "target_group_arn": "arn:aws:elasticloadbalancing:us-east-1:333649804638:targetgroup/ecs-target-group/7eec1e47e0517639",
                "type": "forward"
              }
            ],
            "id": "arn:aws:elasticloadbalancing:us-east-1:333649804638:listener/app/application-load-balancer/5dd2782c54539473/f420f01924819f2b",
            "load_balancer_arn": "arn:aws:elasticloadbalancing:us-east-1:333649804638:loadbalancer/app/application-load-balancer/5dd2782c54539473",
            "mutual_authentication": [
              {
                "ignore_client_certificate_expiry": false,
                "mode": "off",
                "trust_store_arn": ""
              }
            ],
            "port": 443,
            "protocol": "HTTPS",
            "ssl_policy": "ELBSecurityPolicy-2016-08",
            "tags": null,
            "tags_all": {},
            "timeouts": null
          },
          "sensitive_attributes": [],
          "private": "eyJlMmJmYjczMC1lY2FhLTExZTYtOGY4OC0zNDM2M2JjN2M0YzAiOnsiY3JlYXRlIjozMDAwMDAwMDAwMDAsInVwZGF0ZSI6MzAwMDAwMDAwMDAwfX0=",
          "dependencies": [
            "aws_acm_certificate.acm-cert",
            "aws_alb.alb",
            "aws_alb_target_group.target_group",
            "aws_security_group.alb_sg",
            "aws_subnet.public_subnets",
            "aws_vpc.vpc",
            "data.aws_availability_zones.azs"
          ]
        }
      ]
    },
    {
      "mode": "managed",
      "type": "aws_alb_target_group",
      "name": "target_group",
      "provider": "provider[\"registry.terraform.io/hashicorp/aws\"]",
      "instances": [
        {
          "schema_version": 0,
          "attributes": {
            "arn": "arn:aws:elasticloadbalancing:us-east-1:333649804638:targetgroup/ecs-target-group/7eec1e47e0517639",
            "arn_suffix": "targetgroup/ecs-target-group/7eec1e47e0517639",
            "connection_termination": null,
            "deregistration_delay": "300",
            "health_check": [
              {
                "enabled": true,
                "healthy_threshold": 3,
                "interval": 30,
                "matcher": "200",
                "path": "/sample/fast-api/healthcheck",
                "port": "traffic-port",
                "protocol": "HTTPS",
                "timeout": 3,
                "unhealthy_threshold": 2
              }
            ],
            "id": "arn:aws:elasticloadbalancing:us-east-1:333649804638:targetgroup/ecs-target-group/7eec1e47e0517639",
            "ip_address_type": "ipv4",
            "lambda_multi_value_headers_enabled": false,
            "load_balancer_arns": [],
            "load_balancing_algorithm_type": "round_robin",
            "load_balancing_anomaly_mitigation": "off",
            "load_balancing_cross_zone_enabled": "use_load_balancer_configuration",
            "name": "ecs-target-group",
            "name_prefix": "",
            "port": 443,
            "preserve_client_ip": null,
            "protocol": "HTTPS",
            "protocol_version": "HTTP1",
            "proxy_protocol_v2": false,
            "slow_start": 0,
            "stickiness": [
              {
                "cookie_duration": 86400,
                "cookie_name": "",
                "enabled": false,
                "type": "lb_cookie"
              }
            ],
            "tags": null,
            "tags_all": {},
            "target_failover": [
              {
                "on_deregistration": null,
                "on_unhealthy": null
              }
            ],
            "target_health_state": [
              {
                "enable_unhealthy_connection_termination": null
              }
            ],
            "target_type": "ip",
            "vpc_id": "vpc-011da6c1bc4360747"
          },
          "sensitive_attributes": [],
          "private": "bnVsbA==",
          "dependencies": [
            "aws_vpc.vpc"
          ]
        }
      ]
    },
    {
      "mode": "managed",
      "type": "aws_cloudwatch_log_group",
      "name": "logs",
      "provider": "provider[\"registry.terraform.io/hashicorp/aws\"]",
      "instances": [
        {
          "schema_version": 0,
          "attributes": {
            "arn": "arn:aws:logs:us-east-1:333649804638:log-group:/fargate/service/fast-api-app",
            "id": "/fargate/service/fast-api-app",
            "kms_key_id": "",
            "log_group_class": "STANDARD",
            "name": "/fargate/service/fast-api-app",
            "name_prefix": "",
            "retention_in_days": 90,
            "skip_destroy": false,
            "tags": {
              "Application": "fast-api-app",
              "Environment": "dev"
            },
            "tags_all": {
              "Application": "fast-api-app",
              "Environment": "dev"
            }
          },
          "sensitive_attributes": [],
          "private": "bnVsbA=="
        }
      ]
    },
    {
      "mode": "managed",
      "type": "aws_db_instance",
      "name": "rds_instance",
      "provider": "provider[\"registry.terraform.io/hashicorp/aws\"]",
      "instances": [
        {
          "schema_version": 2,
          "attributes": {
            "address": "database-1.cfwuckemwi7x.us-east-1.rds.amazonaws.com",
            "allocated_storage": 20,
            "allow_major_version_upgrade": false,
            "apply_immediately": true,
            "arn": "arn:aws:rds:us-east-1:333649804638:db:database-1",
            "auto_minor_version_upgrade": false,
            "availability_zone": "us-east-1a",
            "backup_retention_period": 0,
            "backup_target": "region",
            "backup_window": "05:02-05:32",
            "blue_green_update": [],
            "ca_cert_identifier": "rds-ca-rsa2048-g1",
            "character_set_name": "",
            "copy_tags_to_snapshot": false,
            "custom_iam_instance_profile": "",
            "customer_owned_ip_enabled": false,
            "db_name": "postgresdb",
            "db_subnet_group_name": "postgres-db-subnet-group",
            "delete_automated_backups": true,
            "deletion_protection": false,
            "domain": "",
            "domain_auth_secret_arn": "",
            "domain_dns_ips": null,
            "domain_fqdn": "",
            "domain_iam_role_name": "",
            "domain_ou": "",
            "enabled_cloudwatch_logs_exports": null,
            "endpoint": "database-1.cfwuckemwi7x.us-east-1.rds.amazonaws.com:5432",
            "engine": "postgres",
            "engine_version": "12",
            "engine_version_actual": "12.17",
            "final_snapshot_identifier": "worker-final",
            "hosted_zone_id": "Z2R2ITUGPM61AM",
            "iam_database_authentication_enabled": false,
            "id": "db-ZFX2OOK7V3YLWNNWM7YCTBPHYM",
            "identifier": "database-1",
            "identifier_prefix": "",
            "instance_class": "db.t2.micro",
            "iops": 0,
            "kms_key_id": "",
            "latest_restorable_time": "",
            "license_model": "postgresql-license",
            "listener_endpoint": [],
            "maintenance_window": "sun:09:46-sun:10:16",
            "manage_master_user_password": null,
            "master_user_secret": [],
            "master_user_secret_kms_key_id": null,
            "max_allocated_storage": 0,
            "monitoring_interval": 0,
            "monitoring_role_arn": "",
            "multi_az": false,
            "nchar_character_set_name": "",
            "network_type": "IPV4",
            "option_group_name": "default:postgres-12",
            "parameter_group_name": "default.postgres12",
            "password": "admin123",
            "performance_insights_enabled": false,
            "performance_insights_kms_key_id": "",
            "performance_insights_retention_period": 0,
            "port": 5432,
            "publicly_accessible": true,
            "replica_mode": "",
            "replicas": [],
            "replicate_source_db": "",
            "resource_id": "db-ZFX2OOK7V3YLWNNWM7YCTBPHYM",
            "restore_to_point_in_time": [],
            "s3_import": [],
            "skip_final_snapshot": true,
            "snapshot_identifier": null,
            "status": "available",
            "storage_encrypted": false,
            "storage_throughput": 0,
            "storage_type": "gp2",
            "tags": {
              "Name": "fast-api-postgres-rds"
            },
            "tags_all": {
              "Name": "fast-api-postgres-rds"
            },
            "timeouts": null,
            "timezone": "",
            "username": "postgres",
            "vpc_security_group_ids": [
              "sg-037fda24fb004545b",
              "sg-08a02d1a97573bc53"
            ]
          },
          "sensitive_attributes": [],
          "private": "eyJlMmJmYjczMC1lY2FhLTExZTYtOGY4OC0zNDM2M2JjN2M0YzAiOnsiY3JlYXRlIjoyNDAwMDAwMDAwMDAwLCJkZWxldGUiOjM2MDAwMDAwMDAwMDAsInVwZGF0ZSI6NDgwMDAwMDAwMDAwMH0sInNjaGVtYV92ZXJzaW9uIjoiMiJ9",
          "dependencies": [
            "aws_db_subnet_group.db_subnet_group",
            "aws_security_group.alb_sg",
            "aws_security_group.ecs_sg",
            "aws_security_group.rds_sg",
            "aws_subnet.private_subnets",
            "aws_vpc.vpc",
            "data.aws_availability_zones.azs"
          ]
        }
      ]
    },
    {
      "mode": "managed",
      "type": "aws_db_subnet_group",
      "name": "db_subnet_group",
      "provider": "provider[\"registry.terraform.io/hashicorp/aws\"]",
      "instances": [
        {
          "schema_version": 0,
          "attributes": {
            "arn": "arn:aws:rds:us-east-1:333649804638:subgrp:postgres-db-subnet-group",
            "description": "Managed by Terraform",
            "id": "postgres-db-subnet-group",
            "name": "postgres-db-subnet-group",
            "name_prefix": "",
            "subnet_ids": [
              "subnet-0200d699f4b3919cd",
              "subnet-071c42f0b32340c9f"
            ],
            "supported_network_types": [
              "IPV4"
            ],
            "tags": {
              "Name": "fast-api-postgres-db-subnet"
            },
            "tags_all": {
              "Name": "fast-api-postgres-db-subnet"
            },
            "vpc_id": "vpc-011da6c1bc4360747"
          },
          "sensitive_attributes": [],
          "private": "bnVsbA==",
          "dependencies": [
            "aws_subnet.private_subnets",
            "aws_vpc.vpc",
            "data.aws_availability_zones.azs"
          ]
        }
      ]
    },
    {
      "mode": "managed",
      "type": "aws_default_route_table",
      "name": "rt_private_default",
      "provider": "provider[\"registry.terraform.io/hashicorp/aws\"]",
      "instances": [
        {
          "schema_version": 0,
          "attributes": {
            "arn": "arn:aws:ec2:us-east-1:333649804638:route-table/rtb-0541d9c269b8eca94",
            "default_route_table_id": "rtb-0541d9c269b8eca94",
            "id": "rtb-0541d9c269b8eca94",
            "owner_id": "333649804638",
            "propagating_vgws": null,
            "route": [],
            "tags": {
              "Name": "fast-api-docker-rt-private-default"
            },
            "tags_all": {
              "Name": "fast-api-docker-rt-private-default"
            },
            "timeouts": null,
            "vpc_id": "vpc-011da6c1bc4360747"
          },
          "sensitive_attributes": [],
          "private": "eyJlMmJmYjczMC1lY2FhLTExZTYtOGY4OC0zNDM2M2JjN2M0YzAiOnsiY3JlYXRlIjoxMjAwMDAwMDAwMDAsInVwZGF0ZSI6MTIwMDAwMDAwMDAwfX0=",
          "dependencies": [
            "aws_vpc.vpc"
          ]
        }
      ]
    },
    {
      "mode": "managed",
      "type": "aws_ecs_cluster",
      "name": "fp-ecs-cluster",
      "provider": "provider[\"registry.terraform.io/hashicorp/aws\"]",
      "instances": [
        {
          "schema_version": 0,
          "attributes": {
            "arn": "arn:aws:ecs:us-east-1:333649804638:cluster/fast-api-app",
            "configuration": [],
            "id": "arn:aws:ecs:us-east-1:333649804638:cluster/fast-api-app",
            "name": "fast-api-app",
            "service_connect_defaults": [],
            "setting": [
              {
                "name": "containerInsights",
                "value": "disabled"
              }
            ],
            "tags": {
              "Name": "fast-api-app"
            },
            "tags_all": {
              "Name": "fast-api-app"
            }
          },
          "sensitive_attributes": [],
          "private": "bnVsbA=="
        }
      ]
    },
    {
      "mode": "managed",
      "type": "aws_ecs_service",
      "name": "fast-api-service",
      "provider": "provider[\"registry.terraform.io/hashicorp/aws\"]",
      "instances": [
        {
          "schema_version": 0,
          "attributes": {
            "alarms": [],
            "capacity_provider_strategy": [],
            "cluster": "arn:aws:ecs:us-east-1:333649804638:cluster/fast-api-app",
            "deployment_circuit_breaker": [
              {
                "enable": false,
                "rollback": false
              }
            ],
            "deployment_controller": [
              {
                "type": "ECS"
              }
            ],
            "deployment_maximum_percent": 200,
            "deployment_minimum_healthy_percent": 50,
            "desired_count": 2,
            "enable_ecs_managed_tags": true,
            "enable_execute_command": false,
            "force_new_deployment": null,
            "health_check_grace_period_seconds": 0,
            "iam_role": "/aws-service-role/ecs.amazonaws.com/AWSServiceRoleForECS",
            "id": "arn:aws:ecs:us-east-1:333649804638:service/fast-api-app/fast-api-app-service",
            "launch_type": "FARGATE",
            "load_balancer": [
              {
                "container_name": "flask-app",
                "container_port": 443,
                "elb_name": "",
                "target_group_arn": "arn:aws:elasticloadbalancing:us-east-1:333649804638:targetgroup/ecs-target-group/7eec1e47e0517639"
              }
            ],
            "name": "fast-api-app-service",
            "network_configuration": [
              {
                "assign_public_ip": true,
                "security_groups": [
                  "sg-08a02d1a97573bc53"
                ],
                "subnets": [
                  "subnet-09c5be6bb239b5704",
                  "subnet-0bd6cdba0f6bd14f2"
                ]
              }
            ],
            "ordered_placement_strategy": [],
            "placement_constraints": [],
            "platform_version": "LATEST",
            "propagate_tags": "NONE",
            "scheduling_strategy": "REPLICA",
            "service_connect_configuration": [],
            "service_registries": [],
            "tags": null,
            "tags_all": {},
            "task_definition": "arn:aws:ecs:us-east-1:333649804638:task-definition/fast-api-app:7",
            "timeouts": null,
            "triggers": {},
            "wait_for_steady_state": false
          },
          "sensitive_attributes": [],
          "private": "eyJlMmJmYjczMC1lY2FhLTExZTYtOGY4OC0zNDM2M2JjN2M0YzAiOnsiY3JlYXRlIjoxMjAwMDAwMDAwMDAwLCJkZWxldGUiOjEyMDAwMDAwMDAwMDAsInVwZGF0ZSI6MTIwMDAwMDAwMDAwMH19",
          "dependencies": [
            "aws_acm_certificate.acm-cert",
            "aws_alb.alb",
            "aws_alb_listener.fp-alb-listener",
            "aws_alb_target_group.target_group",
            "aws_cloudwatch_log_group.logs",
            "aws_db_instance.rds_instance",
            "aws_db_subnet_group.db_subnet_group",
            "aws_ecs_cluster.fp-ecs-cluster",
            "aws_ecs_task_definition.task_definition",
            "aws_iam_role.ecs_task_execution_role",
            "aws_iam_role.ecs_task_role",
            "aws_security_group.alb_sg",
            "aws_security_group.ecs_sg",
            "aws_security_group.rds_sg",
            "aws_subnet.private_subnets",
            "aws_subnet.public_subnets",
            "aws_vpc.vpc",
            "data.aws_availability_zones.azs",
            "data.template_file.task_definition_template",
            "random_string.fast-api-secret-key"
          ]
        }
      ]
    },
    {
      "mode": "managed",
      "type": "aws_ecs_task_definition",
      "name": "task_definition",
      "provider": "provider[\"registry.terraform.io/hashicorp/aws\"]",
      "instances": [
        {
          "schema_version": 1,
          "attributes": {
            "arn": "arn:aws:ecs:us-east-1:333649804638:task-definition/fast-api-app:7",
            "arn_without_revision": "arn:aws:ecs:us-east-1:333649804638:task-definition/fast-api-app",
            "container_definitions": "[{\"cpu\":0,\"environment\":[{\"name\":\"APP_HOME\",\"value\":\"/usr/src/app/\"},{\"name\":\"APP_PORT\",\"value\":\"443\"},{\"name\":\"APP_SECRET_KEY\",\"value\":\"FVKKxAsrbzqGkjF\"},{\"name\":\"FLASK_APP\",\"value\":\"app\"},{\"name\":\"FLASK_ENV\",\"value\":\"dev\"},{\"name\":\"POSTGRES_DATABASE\",\"value\":\"postgresdb\"},{\"name\":\"POSTGRES_ENDPOINT\",\"value\":\"database-1.cfwuckemwi7x.us-east-1.rds.amazonaws.com:5432\"},{\"name\":\"POSTGRES_PASSWORD\",\"value\":\"admin123\"},{\"name\":\"POSTGRES_USER\",\"value\":\"postgres\"}],\"essential\":true,\"image\":\"docker.io/saikrishnakuppa/fast-api-docker-example:latest\",\"logConfiguration\":{\"logDriver\":\"awslogs\",\"options\":{\"awslogs-group\":\"/fargate/service/fast-api-app\",\"awslogs-region\":\"us-east-1\",\"awslogs-stream-prefix\":\"ecs\"}},\"mountPoints\":[],\"name\":\"flask-app\",\"portMappings\":[{\"containerPort\":443,\"hostPort\":443,\"protocol\":\"tcp\"}],\"systemControls\":[],\"volumesFrom\":[]}]",
            "cpu": "256",
            "ephemeral_storage": [],
            "execution_role_arn": "arn:aws:iam::333649804638:role/fast-api-app-ecsTaskExecutionRole",
            "family": "fast-api-app",
            "id": "fast-api-app",
            "inference_accelerator": [],
            "ipc_mode": "",
            "memory": "512",
            "network_mode": "awsvpc",
            "pid_mode": "",
            "placement_constraints": [],
            "proxy_configuration": [],
            "requires_compatibilities": [
              "FARGATE"
            ],
            "revision": 7,
            "runtime_platform": [],
            "skip_destroy": false,
            "tags": null,
            "tags_all": {},
            "task_role_arn": "arn:aws:iam::333649804638:role/fast-api-app-ecsTaskRole",
            "track_latest": false,
            "volume": []
          },
          "sensitive_attributes": [],
          "private": "eyJzY2hlbWFfdmVyc2lvbiI6IjEifQ==",
          "dependencies": [
            "aws_cloudwatch_log_group.logs",
            "aws_db_instance.rds_instance",
            "aws_db_subnet_group.db_subnet_group",
            "aws_iam_role.ecs_task_execution_role",
            "aws_iam_role.ecs_task_role",
            "aws_security_group.alb_sg",
            "aws_security_group.ecs_sg",
            "aws_security_group.rds_sg",
            "aws_subnet.private_subnets",
            "aws_vpc.vpc",
            "data.aws_availability_zones.azs",
            "data.template_file.task_definition_template",
            "random_string.fast-api-secret-key"
          ]
        }
      ]
    },
    {
      "mode": "managed",
      "type": "aws_iam_policy",
      "name": "cloudwatch",
      "provider": "provider[\"registry.terraform.io/hashicorp/aws\"]",
      "instances": [
        {
          "schema_version": 0,
          "attributes": {
            "arn": "arn:aws:iam::333649804638:policy/fast-api-app-task-policy-cloudwatch",
            "description": "Policy that allows access to cloudwatch",
            "id": "arn:aws:iam::333649804638:policy/fast-api-app-task-policy-cloudwatch",
            "name": "fast-api-app-task-policy-cloudwatch",
            "name_prefix": "",
            "path": "/",
            "policy": "{\"Statement\":[{\"Action\":[\"logs:Create*\",\"logs:CreateLogStream\",\"logs:PutLogEvents\",\"logs:DescribeLogStreams\",\"logs:PutSubscriptionFilter\"],\"Effect\":\"Allow\",\"Resource\":\"arn:aws:logs:*:*:*\"},{\"Action\":[\"ecs:CreateCluster\",\"ecs:DeregisterContainerInstance\",\"ecs:DiscoverPollEndpoint\",\"ecs:RegisterContainerInstance\",\"ecs:Submit*\",\"ecs:Poll\",\"ec2:DescribeTags\",\"cloudwatch:GetMetricStatistics\",\"cloudwatch:ListMetrics\",\"cloudwatch:PutMetricData\"],\"Effect\":\"Allow\",\"Resource\":\"*\"}],\"Version\":\"2012-10-17\"}",
            "policy_id": "ANPAU3LYT7VPMZKMPPPOZ",
            "tags": null,
            "tags_all": {}
          },
          "sensitive_attributes": [],
          "private": "bnVsbA=="
        }
      ]
    },
    {
      "mode": "managed",
      "type": "aws_iam_role",
      "name": "ecs_task_execution_role",
      "provider": "provider[\"registry.terraform.io/hashicorp/aws\"]",
      "instances": [
        {
          "schema_version": 0,
          "attributes": {
            "arn": "arn:aws:iam::333649804638:role/fast-api-app-ecsTaskExecutionRole",
            "assume_role_policy": "{\"Statement\":[{\"Action\":\"sts:AssumeRole\",\"Effect\":\"Allow\",\"Principal\":{\"Service\":\"ecs-tasks.amazonaws.com\"},\"Sid\":\"\"}],\"Version\":\"2012-10-17\"}",
            "create_date": "2024-03-09T03:34:19Z",
            "description": "",
            "force_detach_policies": false,
            "id": "fast-api-app-ecsTaskExecutionRole",
            "inline_policy": [],
            "managed_policy_arns": [],
            "max_session_duration": 3600,
            "name": "fast-api-app-ecsTaskExecutionRole",
            "name_prefix": "",
            "path": "/",
            "permissions_boundary": "",
            "tags": null,
            "tags_all": {},
            "unique_id": "AROAU3LYT7VPBBPKVM2J7"
          },
          "sensitive_attributes": [],
          "private": "bnVsbA=="
        }
      ]
    },
    {
      "mode": "managed",
      "type": "aws_iam_role",
      "name": "ecs_task_role",
      "provider": "provider[\"registry.terraform.io/hashicorp/aws\"]",
      "instances": [
        {
          "schema_version": 0,
          "attributes": {
            "arn": "arn:aws:iam::333649804638:role/fast-api-app-ecsTaskRole",
            "assume_role_policy": "{\"Statement\":[{\"Action\":\"sts:AssumeRole\",\"Effect\":\"Allow\",\"Principal\":{\"Service\":\"ecs-tasks.amazonaws.com\"},\"Sid\":\"\"}],\"Version\":\"2012-10-17\"}",
            "create_date": "2024-03-09T03:34:19Z",
            "description": "",
            "force_detach_policies": false,
            "id": "fast-api-app-ecsTaskRole",
            "inline_policy": [],
            "managed_policy_arns": [],
            "max_session_duration": 3600,
            "name": "fast-api-app-ecsTaskRole",
            "name_prefix": "",
            "path": "/",
            "permissions_boundary": "",
            "tags": null,
            "tags_all": {},
            "unique_id": "AROAU3LYT7VPKZG5BEJDQ"
          },
          "sensitive_attributes": [],
          "private": "bnVsbA=="
        }
      ]
    },
    {
      "mode": "managed",
      "type": "aws_iam_role_policy_attachment",
      "name": "ecs-task-execution-role-policy-attachment",
      "provider": "provider[\"registry.terraform.io/hashicorp/aws\"]",
      "instances": [
        {
          "schema_version": 0,
          "attributes": {
            "id": "fast-api-app-ecsTaskExecutionRole-20240309033420022600000002",
            "policy_arn": "arn:aws:iam::aws:policy/service-role/AmazonECSTaskExecutionRolePolicy",
            "role": "fast-api-app-ecsTaskExecutionRole"
          },
          "sensitive_attributes": [],
          "private": "bnVsbA==",
          "dependencies": [
            "aws_iam_role.ecs_task_execution_role"
          ]
        }
      ]
    },
    {
      "mode": "managed",
      "type": "aws_iam_role_policy_attachment",
      "name": "ecs-task-role-policy-attachment",
      "provider": "provider[\"registry.terraform.io/hashicorp/aws\"]",
      "instances": [
        {
          "schema_version": 0,
          "attributes": {
            "id": "fast-api-app-ecsTaskRole-20240309033419998700000001",
            "policy_arn": "arn:aws:iam::333649804638:policy/fast-api-app-task-policy-cloudwatch",
            "role": "fast-api-app-ecsTaskRole"
          },
          "sensitive_attributes": [],
          "private": "bnVsbA==",
          "dependencies": [
            "aws_iam_policy.cloudwatch",
            "aws_iam_role.ecs_task_role"
          ]
        }
      ]
    },
    {
      "mode": "managed",
      "type": "aws_internet_gateway",
      "name": "internet_gateway",
      "provider": "provider[\"registry.terraform.io/hashicorp/aws\"]",
      "instances": [
        {
          "schema_version": 0,
          "attributes": {
            "arn": "arn:aws:ec2:us-east-1:333649804638:internet-gateway/igw-05f9463d161d69792",
            "id": "igw-05f9463d161d69792",
            "owner_id": "333649804638",
            "tags": {
              "Name": "fast-api-docker-igw"
            },
            "tags_all": {
              "Name": "fast-api-docker-igw"
            },
            "timeouts": null,
            "vpc_id": "vpc-011da6c1bc4360747"
          },
          "sensitive_attributes": [],
          "private": "eyJlMmJmYjczMC1lY2FhLTExZTYtOGY4OC0zNDM2M2JjN2M0YzAiOnsiY3JlYXRlIjoxMjAwMDAwMDAwMDAwLCJkZWxldGUiOjEyMDAwMDAwMDAwMDAsInVwZGF0ZSI6MTIwMDAwMDAwMDAwMH19",
          "dependencies": [
            "aws_vpc.vpc"
          ]
        }
      ]
    },
    {
      "mode": "managed",
      "type": "aws_lb_listener_rule",
      "name": "static",
      "provider": "provider[\"registry.terraform.io/hashicorp/aws\"]",
      "instances": [
        {
          "schema_version": 0,
          "attributes": {
            "action": [
              {
                "authenticate_cognito": [],
                "authenticate_oidc": [],
                "fixed_response": [],
                "forward": [],
                "order": 1,
                "redirect": [],
                "target_group_arn": "arn:aws:elasticloadbalancing:us-east-1:333649804638:targetgroup/ecs-target-group/7eec1e47e0517639",
                "type": "forward"
              }
            ],
            "arn": "arn:aws:elasticloadbalancing:us-east-1:333649804638:listener-rule/app/application-load-balancer/5dd2782c54539473/f420f01924819f2b/f1e6e9f559b556d2",
            "condition": [
              {
                "host_header": [],
                "http_header": [],
                "http_request_method": [],
                "path_pattern": [
                  {
                    "values": [
                      "/sample/fast-api/*"
                    ]
                  }
                ],
                "query_string": [],
                "source_ip": []
              }
            ],
            "id": "arn:aws:elasticloadbalancing:us-east-1:333649804638:listener-rule/app/application-load-balancer/5dd2782c54539473/f420f01924819f2b/f1e6e9f559b556d2",
            "listener_arn": "arn:aws:elasticloadbalancing:us-east-1:333649804638:listener/app/application-load-balancer/5dd2782c54539473/f420f01924819f2b",
            "priority": 100,
            "tags": null,
            "tags_all": {}
          },
          "sensitive_attributes": [],
          "private": "bnVsbA==",
          "dependencies": [
            "aws_acm_certificate.acm-cert",
            "aws_alb.alb",
            "aws_alb_listener.fp-alb-listener",
            "aws_alb_target_group.target_group",
            "aws_security_group.alb_sg",
            "aws_subnet.public_subnets",
            "aws_vpc.vpc",
            "data.aws_availability_zones.azs"
          ]
        }
      ]
    },
    {
      "mode": "managed",
      "type": "aws_route_table",
      "name": "rt_public",
      "provider": "provider[\"registry.terraform.io/hashicorp/aws\"]",
      "instances": [
        {
          "schema_version": 0,
          "attributes": {
            "arn": "arn:aws:ec2:us-east-1:333649804638:route-table/rtb-0a3a348bd06ac2df3",
            "id": "rtb-0a3a348bd06ac2df3",
            "owner_id": "333649804638",
            "propagating_vgws": [],
            "route": [
              {
                "carrier_gateway_id": "",
                "cidr_block": "0.0.0.0/0",
                "core_network_arn": "",
                "destination_prefix_list_id": "",
                "egress_only_gateway_id": "",
                "gateway_id": "igw-05f9463d161d69792",
                "ipv6_cidr_block": "",
                "local_gateway_id": "",
                "nat_gateway_id": "",
                "network_interface_id": "",
                "transit_gateway_id": "",
                "vpc_endpoint_id": "",
                "vpc_peering_connection_id": ""
              }
            ],
            "tags": {
              "Name": "fast-api-docker-rt-public"
            },
            "tags_all": {
              "Name": "fast-api-docker-rt-public"
            },
            "timeouts": null,
            "vpc_id": "vpc-011da6c1bc4360747"
          },
          "sensitive_attributes": [],
          "private": "eyJlMmJmYjczMC1lY2FhLTExZTYtOGY4OC0zNDM2M2JjN2M0YzAiOnsiY3JlYXRlIjozMDAwMDAwMDAwMDAsImRlbGV0ZSI6MzAwMDAwMDAwMDAwLCJ1cGRhdGUiOjEyMDAwMDAwMDAwMH19",
          "dependencies": [
            "aws_internet_gateway.internet_gateway",
            "aws_vpc.vpc"
          ]
        }
      ]
    },
    {
      "mode": "managed",
      "type": "aws_route_table_association",
      "name": "private-rt-association",
      "provider": "provider[\"registry.terraform.io/hashicorp/aws\"]",
      "instances": [
        {
          "index_key": 0,
          "schema_version": 0,
          "attributes": {
            "gateway_id": "",
            "id": "rtbassoc-014ce728dd194a47a",
            "route_table_id": "rtb-0a3a348bd06ac2df3",
            "subnet_id": "subnet-0200d699f4b3919cd",
            "timeouts": null
          },
          "sensitive_attributes": [],
          "private": "eyJlMmJmYjczMC1lY2FhLTExZTYtOGY4OC0zNDM2M2JjN2M0YzAiOnsiY3JlYXRlIjozMDAwMDAwMDAwMDAsImRlbGV0ZSI6MzAwMDAwMDAwMDAwLCJ1cGRhdGUiOjEyMDAwMDAwMDAwMH19",
          "dependencies": [
            "aws_internet_gateway.internet_gateway",
            "aws_route_table.rt_public",
            "aws_subnet.private_subnets",
            "aws_vpc.vpc",
            "data.aws_availability_zones.azs"
          ]
        },
        {
          "index_key": 1,
          "schema_version": 0,
          "attributes": {
            "gateway_id": "",
            "id": "rtbassoc-0ff7ad46ed861d779",
            "route_table_id": "rtb-0a3a348bd06ac2df3",
            "subnet_id": "subnet-071c42f0b32340c9f",
            "timeouts": null
          },
          "sensitive_attributes": [],
          "private": "eyJlMmJmYjczMC1lY2FhLTExZTYtOGY4OC0zNDM2M2JjN2M0YzAiOnsiY3JlYXRlIjozMDAwMDAwMDAwMDAsImRlbGV0ZSI6MzAwMDAwMDAwMDAwLCJ1cGRhdGUiOjEyMDAwMDAwMDAwMH19",
          "dependencies": [
            "aws_internet_gateway.internet_gateway",
            "aws_route_table.rt_public",
            "aws_subnet.private_subnets",
            "aws_vpc.vpc",
            "data.aws_availability_zones.azs"
          ]
        }
      ]
    },
    {
      "mode": "managed",
      "type": "aws_route_table_association",
      "name": "public-rt-association",
      "provider": "provider[\"registry.terraform.io/hashicorp/aws\"]",
      "instances": [
        {
          "index_key": 0,
          "schema_version": 0,
          "attributes": {
            "gateway_id": "",
            "id": "rtbassoc-04ba0d338fda3f7ec",
            "route_table_id": "rtb-0a3a348bd06ac2df3",
            "subnet_id": "subnet-0bd6cdba0f6bd14f2",
            "timeouts": null
          },
          "sensitive_attributes": [],
          "private": "eyJlMmJmYjczMC1lY2FhLTExZTYtOGY4OC0zNDM2M2JjN2M0YzAiOnsiY3JlYXRlIjozMDAwMDAwMDAwMDAsImRlbGV0ZSI6MzAwMDAwMDAwMDAwLCJ1cGRhdGUiOjEyMDAwMDAwMDAwMH19",
          "dependencies": [
            "aws_internet_gateway.internet_gateway",
            "aws_route_table.rt_public",
            "aws_subnet.public_subnets",
            "aws_vpc.vpc",
            "data.aws_availability_zones.azs"
          ]
        },
        {
          "index_key": 1,
          "schema_version": 0,
          "attributes": {
            "gateway_id": "",
            "id": "rtbassoc-0ec644be52f6b2a33",
            "route_table_id": "rtb-0a3a348bd06ac2df3",
            "subnet_id": "subnet-09c5be6bb239b5704",
            "timeouts": null
          },
          "sensitive_attributes": [],
          "private": "eyJlMmJmYjczMC1lY2FhLTExZTYtOGY4OC0zNDM2M2JjN2M0YzAiOnsiY3JlYXRlIjozMDAwMDAwMDAwMDAsImRlbGV0ZSI6MzAwMDAwMDAwMDAwLCJ1cGRhdGUiOjEyMDAwMDAwMDAwMH19",
          "dependencies": [
            "aws_internet_gateway.internet_gateway",
            "aws_route_table.rt_public",
            "aws_subnet.public_subnets",
            "aws_vpc.vpc",
            "data.aws_availability_zones.azs"
          ]
        }
      ]
    },
    {
      "mode": "managed",
      "type": "aws_security_group",
      "name": "alb_sg",
      "provider": "provider[\"registry.terraform.io/hashicorp/aws\"]",
      "instances": [
        {
          "schema_version": 1,
          "attributes": {
            "arn": "arn:aws:ec2:us-east-1:333649804638:security-group/sg-0545198a1c6fae0a9",
            "description": "control access to the application load balancer",
            "egress": [
              {
                "cidr_blocks": [
                  "0.0.0.0/0"
                ],
                "description": "",
                "from_port": 0,
                "ipv6_cidr_blocks": [],
                "prefix_list_ids": [],
                "protocol": "-1",
                "security_groups": [],
                "self": false,
                "to_port": 0
              }
            ],
            "id": "sg-0545198a1c6fae0a9",
            "ingress": [
              {
                "cidr_blocks": [
                  "0.0.0.0/0"
                ],
                "description": "",
                "from_port": 443,
                "ipv6_cidr_blocks": [],
                "prefix_list_ids": [],
                "protocol": "tcp",
                "security_groups": [],
                "self": false,
                "to_port": 443
              },
              {
                "cidr_blocks": [
                  "0.0.0.0/0"
                ],
                "description": "",
                "from_port": 80,
                "ipv6_cidr_blocks": [],
                "prefix_list_ids": [],
                "protocol": "tcp",
                "security_groups": [],
                "self": false,
                "to_port": 80
              }
            ],
            "name": "alb-group",
            "name_prefix": "",
            "owner_id": "333649804638",
            "revoke_rules_on_delete": false,
            "tags": null,
            "tags_all": {},
            "timeouts": null,
            "vpc_id": "vpc-011da6c1bc4360747"
          },
          "sensitive_attributes": [],
          "private": "eyJlMmJmYjczMC1lY2FhLTExZTYtOGY4OC0zNDM2M2JjN2M0YzAiOnsiY3JlYXRlIjo2MDAwMDAwMDAwMDAsImRlbGV0ZSI6OTAwMDAwMDAwMDAwfSwic2NoZW1hX3ZlcnNpb24iOiIxIn0=",
          "dependencies": [
            "aws_vpc.vpc"
          ]
        }
      ]
    },
    {
      "mode": "managed",
      "type": "aws_security_group",
      "name": "ecs_sg",
      "provider": "provider[\"registry.terraform.io/hashicorp/aws\"]",
      "instances": [
        {
          "schema_version": 1,
          "attributes": {
            "arn": "arn:aws:ec2:us-east-1:333649804638:security-group/sg-08a02d1a97573bc53",
            "description": "control access to the ecs cluster",
            "egress": [
              {
                "cidr_blocks": [
                  "0.0.0.0/0"
                ],
                "description": "",
                "from_port": 0,
                "ipv6_cidr_blocks": [],
                "prefix_list_ids": [],
                "protocol": "-1",
                "security_groups": [],
                "self": false,
                "to_port": 0
              }
            ],
            "id": "sg-08a02d1a97573bc53",
            "ingress": [
              {
                "cidr_blocks": [
                  "0.0.0.0/0"
                ],
                "description": "",
                "from_port": 443,
                "ipv6_cidr_blocks": [],
                "prefix_list_ids": [],
                "protocol": "tcp",
                "security_groups": [
                  "sg-0545198a1c6fae0a9"
                ],
                "self": false,
                "to_port": 443
              }
            ],
            "name": "ecs-from-alb-group",
            "name_prefix": "",
            "owner_id": "333649804638",
            "revoke_rules_on_delete": false,
            "tags": null,
            "tags_all": {},
            "timeouts": null,
            "vpc_id": "vpc-011da6c1bc4360747"
          },
          "sensitive_attributes": [],
          "private": "eyJlMmJmYjczMC1lY2FhLTExZTYtOGY4OC0zNDM2M2JjN2M0YzAiOnsiY3JlYXRlIjo2MDAwMDAwMDAwMDAsImRlbGV0ZSI6OTAwMDAwMDAwMDAwfSwic2NoZW1hX3ZlcnNpb24iOiIxIn0=",
          "dependencies": [
            "aws_security_group.alb_sg",
            "aws_vpc.vpc"
          ]
        }
      ]
    },
    {
      "mode": "managed",
      "type": "aws_security_group",
      "name": "public-sg",
      "provider": "provider[\"registry.terraform.io/hashicorp/aws\"]",
      "instances": [
        {
          "schema_version": 1,
          "attributes": {
            "arn": "arn:aws:ec2:us-east-1:333649804638:security-group/sg-02205f449d7285265",
            "description": "access to public instances",
            "egress": [],
            "id": "sg-02205f449d7285265",
            "ingress": [],
            "name": "public-group-default",
            "name_prefix": "",
            "owner_id": "333649804638",
            "revoke_rules_on_delete": false,
            "tags": null,
            "tags_all": {},
            "timeouts": null,
            "vpc_id": "vpc-011da6c1bc4360747"
          },
          "sensitive_attributes": [],
          "private": "eyJlMmJmYjczMC1lY2FhLTExZTYtOGY4OC0zNDM2M2JjN2M0YzAiOnsiY3JlYXRlIjo2MDAwMDAwMDAwMDAsImRlbGV0ZSI6OTAwMDAwMDAwMDAwfSwic2NoZW1hX3ZlcnNpb24iOiIxIn0=",
          "dependencies": [
            "aws_vpc.vpc"
          ]
        }
      ]
    },
    {
      "mode": "managed",
      "type": "aws_security_group",
      "name": "rds_sg",
      "provider": "provider[\"registry.terraform.io/hashicorp/aws\"]",
      "instances": [
        {
          "schema_version": 1,
          "attributes": {
            "arn": "arn:aws:ec2:us-east-1:333649804638:security-group/sg-037fda24fb004545b",
            "description": "access to public rds instances",
            "egress": [
              {
                "cidr_blocks": [
                  "0.0.0.0/0"
                ],
                "description": "",
                "from_port": 0,
                "ipv6_cidr_blocks": [],
                "prefix_list_ids": [],
                "protocol": "-1",
                "security_groups": [],
                "self": false,
                "to_port": 0
              }
            ],
            "id": "sg-037fda24fb004545b",
            "ingress": [
              {
                "cidr_blocks": [
                  "0.0.0.0/0"
                ],
                "description": "",
                "from_port": 5432,
                "ipv6_cidr_blocks": [],
                "prefix_list_ids": [],
                "protocol": "tcp",
                "security_groups": [
                  "sg-0545198a1c6fae0a9"
                ],
                "self": false,
                "to_port": 5432
              }
            ],
            "name": "postgres-public-group",
            "name_prefix": "",
            "owner_id": "333649804638",
            "revoke_rules_on_delete": false,
            "tags": null,
            "tags_all": {},
            "timeouts": null,
            "vpc_id": "vpc-011da6c1bc4360747"
          },
          "sensitive_attributes": [],
          "private": "eyJlMmJmYjczMC1lY2FhLTExZTYtOGY4OC0zNDM2M2JjN2M0YzAiOnsiY3JlYXRlIjo2MDAwMDAwMDAwMDAsImRlbGV0ZSI6OTAwMDAwMDAwMDAwfSwic2NoZW1hX3ZlcnNpb24iOiIxIn0=",
          "dependencies": [
            "aws_security_group.alb_sg",
            "aws_vpc.vpc"
          ]
        }
      ]
    },
    {
      "mode": "managed",
      "type": "aws_subnet",
      "name": "private_subnets",
      "provider": "provider[\"registry.terraform.io/hashicorp/aws\"]",
      "instances": [
        {
          "index_key": 0,
          "schema_version": 1,
          "attributes": {
            "arn": "arn:aws:ec2:us-east-1:333649804638:subnet/subnet-0200d699f4b3919cd",
            "assign_ipv6_address_on_creation": false,
            "availability_zone": "us-east-1a",
            "availability_zone_id": "use1-az4",
            "cidr_block": "10.0.3.0/24",
            "customer_owned_ipv4_pool": "",
            "enable_dns64": false,
            "enable_lni_at_device_index": 0,
            "enable_resource_name_dns_a_record_on_launch": false,
            "enable_resource_name_dns_aaaa_record_on_launch": false,
            "id": "subnet-0200d699f4b3919cd",
            "ipv6_cidr_block": "",
            "ipv6_cidr_block_association_id": "",
            "ipv6_native": false,
            "map_customer_owned_ip_on_launch": false,
            "map_public_ip_on_launch": false,
            "outpost_arn": "",
            "owner_id": "333649804638",
            "private_dns_hostname_type_on_launch": "ip-name",
            "tags": {
              "Name": "fast-api-docker-tf-private-1"
            },
            "tags_all": {
              "Name": "fast-api-docker-tf-private-1"
            },
            "timeouts": null,
            "vpc_id": "vpc-011da6c1bc4360747"
          },
          "sensitive_attributes": [],
          "private": "eyJlMmJmYjczMC1lY2FhLTExZTYtOGY4OC0zNDM2M2JjN2M0YzAiOnsiY3JlYXRlIjo2MDAwMDAwMDAwMDAsImRlbGV0ZSI6MTIwMDAwMDAwMDAwMH0sInNjaGVtYV92ZXJzaW9uIjoiMSJ9",
          "dependencies": [
            "aws_vpc.vpc",
            "data.aws_availability_zones.azs"
          ]
        },
        {
          "index_key": 1,
          "schema_version": 1,
          "attributes": {
            "arn": "arn:aws:ec2:us-east-1:333649804638:subnet/subnet-071c42f0b32340c9f",
            "assign_ipv6_address_on_creation": false,
            "availability_zone": "us-east-1b",
            "availability_zone_id": "use1-az6",
            "cidr_block": "10.0.4.0/24",
            "customer_owned_ipv4_pool": "",
            "enable_dns64": false,
            "enable_lni_at_device_index": 0,
            "enable_resource_name_dns_a_record_on_launch": false,
            "enable_resource_name_dns_aaaa_record_on_launch": false,
            "id": "subnet-071c42f0b32340c9f",
            "ipv6_cidr_block": "",
            "ipv6_cidr_block_association_id": "",
            "ipv6_native": false,
            "map_customer_owned_ip_on_launch": false,
            "map_public_ip_on_launch": false,
            "outpost_arn": "",
            "owner_id": "333649804638",
            "private_dns_hostname_type_on_launch": "ip-name",
            "tags": {
              "Name": "fast-api-docker-tf-private-2"
            },
            "tags_all": {
              "Name": "fast-api-docker-tf-private-2"
            },
            "timeouts": null,
            "vpc_id": "vpc-011da6c1bc4360747"
          },
          "sensitive_attributes": [],
          "private": "eyJlMmJmYjczMC1lY2FhLTExZTYtOGY4OC0zNDM2M2JjN2M0YzAiOnsiY3JlYXRlIjo2MDAwMDAwMDAwMDAsImRlbGV0ZSI6MTIwMDAwMDAwMDAwMH0sInNjaGVtYV92ZXJzaW9uIjoiMSJ9",
          "dependencies": [
            "aws_vpc.vpc",
            "data.aws_availability_zones.azs"
          ]
        }
      ]
    },
    {
      "mode": "managed",
      "type": "aws_subnet",
      "name": "public_subnets",
      "provider": "provider[\"registry.terraform.io/hashicorp/aws\"]",
      "instances": [
        {
          "index_key": 0,
          "schema_version": 1,
          "attributes": {
            "arn": "arn:aws:ec2:us-east-1:333649804638:subnet/subnet-0bd6cdba0f6bd14f2",
            "assign_ipv6_address_on_creation": false,
            "availability_zone": "us-east-1a",
            "availability_zone_id": "use1-az4",
            "cidr_block": "10.0.1.0/24",
            "customer_owned_ipv4_pool": "",
            "enable_dns64": false,
            "enable_lni_at_device_index": 0,
            "enable_resource_name_dns_a_record_on_launch": false,
            "enable_resource_name_dns_aaaa_record_on_launch": false,
            "id": "subnet-0bd6cdba0f6bd14f2",
            "ipv6_cidr_block": "",
            "ipv6_cidr_block_association_id": "",
            "ipv6_native": false,
            "map_customer_owned_ip_on_launch": false,
            "map_public_ip_on_launch": true,
            "outpost_arn": "",
            "owner_id": "333649804638",
            "private_dns_hostname_type_on_launch": "ip-name",
            "tags": {
              "Name": "fast-api-docker-tf-public-1"
            },
            "tags_all": {
              "Name": "fast-api-docker-tf-public-1"
            },
            "timeouts": null,
            "vpc_id": "vpc-011da6c1bc4360747"
          },
          "sensitive_attributes": [],
          "private": "eyJlMmJmYjczMC1lY2FhLTExZTYtOGY4OC0zNDM2M2JjN2M0YzAiOnsiY3JlYXRlIjo2MDAwMDAwMDAwMDAsImRlbGV0ZSI6MTIwMDAwMDAwMDAwMH0sInNjaGVtYV92ZXJzaW9uIjoiMSJ9",
          "dependencies": [
            "aws_vpc.vpc",
            "data.aws_availability_zones.azs"
          ]
        },
        {
          "index_key": 1,
          "schema_version": 1,
          "attributes": {
            "arn": "arn:aws:ec2:us-east-1:333649804638:subnet/subnet-09c5be6bb239b5704",
            "assign_ipv6_address_on_creation": false,
            "availability_zone": "us-east-1b",
            "availability_zone_id": "use1-az6",
            "cidr_block": "10.0.2.0/24",
            "customer_owned_ipv4_pool": "",
            "enable_dns64": false,
            "enable_lni_at_device_index": 0,
            "enable_resource_name_dns_a_record_on_launch": false,
            "enable_resource_name_dns_aaaa_record_on_launch": false,
            "id": "subnet-09c5be6bb239b5704",
            "ipv6_cidr_block": "",
            "ipv6_cidr_block_association_id": "",
            "ipv6_native": false,
            "map_customer_owned_ip_on_launch": false,
            "map_public_ip_on_launch": true,
            "outpost_arn": "",
            "owner_id": "333649804638",
            "private_dns_hostname_type_on_launch": "ip-name",
            "tags": {
              "Name": "fast-api-docker-tf-public-2"
            },
            "tags_all": {
              "Name": "fast-api-docker-tf-public-2"
            },
            "timeouts": null,
            "vpc_id": "vpc-011da6c1bc4360747"
          },
          "sensitive_attributes": [],
          "private": "eyJlMmJmYjczMC1lY2FhLTExZTYtOGY4OC0zNDM2M2JjN2M0YzAiOnsiY3JlYXRlIjo2MDAwMDAwMDAwMDAsImRlbGV0ZSI6MTIwMDAwMDAwMDAwMH0sInNjaGVtYV92ZXJzaW9uIjoiMSJ9",
          "dependencies": [
            "aws_vpc.vpc",
            "data.aws_availability_zones.azs"
          ]
        }
      ]
    },
    {
      "mode": "managed",
      "type": "aws_vpc",
      "name": "vpc",
      "provider": "provider[\"registry.terraform.io/hashicorp/aws\"]",
      "instances": [
        {
          "schema_version": 1,
          "attributes": {
            "arn": "arn:aws:ec2:us-east-1:333649804638:vpc/vpc-011da6c1bc4360747",
            "assign_generated_ipv6_cidr_block": false,
            "cidr_block": "10.0.0.0/16",
            "default_network_acl_id": "acl-0a09d438f2a351663",
            "default_route_table_id": "rtb-0541d9c269b8eca94",
            "default_security_group_id": "sg-0865441f15646d5ab",
            "dhcp_options_id": "dopt-02dc07405497277d6",
            "enable_dns_hostnames": true,
            "enable_dns_support": true,
            "enable_network_address_usage_metrics": false,
            "id": "vpc-011da6c1bc4360747",
            "instance_tenancy": "default",
            "ipv4_ipam_pool_id": null,
            "ipv4_netmask_length": null,
            "ipv6_association_id": "",
            "ipv6_cidr_block": "",
            "ipv6_cidr_block_network_border_group": "",
            "ipv6_ipam_pool_id": "",
            "ipv6_netmask_length": 0,
            "main_route_table_id": "rtb-0541d9c269b8eca94",
            "owner_id": "333649804638",
            "tags": {
              "Name": "fast-api-docker-vpc"
            },
            "tags_all": {
              "Name": "fast-api-docker-vpc"
            }
          },
          "sensitive_attributes": [],
          "private": "eyJzY2hlbWFfdmVyc2lvbiI6IjEifQ=="
        }
      ]
    },
    {
      "mode": "managed",
      "type": "random_string",
      "name": "fast-api-secret-key",
      "provider": "provider[\"registry.terraform.io/hashicorp/random\"]",
      "instances": [
        {
          "schema_version": 2,
          "attributes": {
            "id": "FVKK\"xAsrbzqGkjF",
            "keepers": null,
            "length": 16,
            "lower": true,
            "min_lower": 0,
            "min_numeric": 0,
            "min_special": 0,
            "min_upper": 0,
            "number": true,
            "numeric": true,
            "override_special": "/@\" ",
            "result": "FVKK\"xAsrbzqGkjF",
            "special": true,
            "upper": true
          },
          "sensitive_attributes": []
        }
      ]
    }
  ],
  "check_results": null
}
